// !$*UTF8*$!
{
	archiveVersion = 1;
	classes = {
	};
	objectVersion = 52;
	objects = {

/* Begin PBXBuildFile section */
		3903E3E126A34099000DE4B2 /* AbilityDetail.swift in Sources */ = {isa = PBXBuildFile; fileRef = 3903E3E026A34099000DE4B2 /* AbilityDetail.swift */; };
		3903E3E326A34118000DE4B2 /* AbilityViewModel.swift in Sources */ = {isa = PBXBuildFile; fileRef = 3903E3E226A34118000DE4B2 /* AbilityViewModel.swift */; };
		390B078C27120266002EA7FB /* SpriteReference.swift in Sources */ = {isa = PBXBuildFile; fileRef = 390B078B27120266002EA7FB /* SpriteReference.swift */; };
		390B07C627124696002EA7FB /* CarouselView.swift in Sources */ = {isa = PBXBuildFile; fileRef = 390B07C527124696002EA7FB /* CarouselView.swift */; };
		390B07C9271246EF002EA7FB /* ClosedRange+Clamp.swift in Sources */ = {isa = PBXBuildFile; fileRef = 390B07C8271246EF002EA7FB /* ClosedRange+Clamp.swift */; };
		390B07CB271B7992002EA7FB /* SpeciesInfo.swift in Sources */ = {isa = PBXBuildFile; fileRef = 390B07CA271B7992002EA7FB /* SpeciesInfo.swift */; };
		390B07CD271BA580002EA7FB /* Sorting.swift in Sources */ = {isa = PBXBuildFile; fileRef = 390B07CC271BA580002EA7FB /* Sorting.swift */; };
		393C627D263F023A00EBE6B4 /* PocketDexApp.swift in Sources */ = {isa = PBXBuildFile; fileRef = 393C627C263F023A00EBE6B4 /* PocketDexApp.swift */; };
		393C627F263F023A00EBE6B4 /* PokemonDetail.swift in Sources */ = {isa = PBXBuildFile; fileRef = 393C627E263F023A00EBE6B4 /* PokemonDetail.swift */; };
		393C6281263F023D00EBE6B4 /* Assets.xcassets in Resources */ = {isa = PBXBuildFile; fileRef = 393C6280263F023D00EBE6B4 /* Assets.xcassets */; };
		393C6284263F023D00EBE6B4 /* Preview Assets.xcassets in Resources */ = {isa = PBXBuildFile; fileRef = 393C6283263F023D00EBE6B4 /* Preview Assets.xcassets */; };
		393C628F263F023D00EBE6B4 /* PocketDexTests.swift in Sources */ = {isa = PBXBuildFile; fileRef = 393C628E263F023D00EBE6B4 /* PocketDexTests.swift */; };
		393C629A263F023D00EBE6B4 /* PocketDexUITests.swift in Sources */ = {isa = PBXBuildFile; fileRef = 393C6299263F023D00EBE6B4 /* PocketDexUITests.swift */; };
		393C62A9263F030100EBE6B4 /* PokeSwift in Frameworks */ = {isa = PBXBuildFile; productRef = 393C62A8263F030100EBE6B4 /* PokeSwift */; };
		398BF389267FAF6B00AABD5C /* PokemonViewModel.swift in Sources */ = {isa = PBXBuildFile; fileRef = 398BF388267FAF6B00AABD5C /* PokemonViewModel.swift */; };
		399BD61C266582E3001CA60C /* DynamicList.swift in Sources */ = {isa = PBXBuildFile; fileRef = 399BD61B266582E3001CA60C /* DynamicList.swift */; };
		39A56A4F2725C43F00A65138 /* BerryModel.swift in Sources */ = {isa = PBXBuildFile; fileRef = 39A56A4E2725C43F00A65138 /* BerryModel.swift */; };
		39A56A882725E3E100A65138 /* Collections in Frameworks */ = {isa = PBXBuildFile; productRef = 39A56A872725E3E100A65138 /* Collections */; };
		39A56A8A2725F4C300A65138 /* List+SectionIndex.swift in Sources */ = {isa = PBXBuildFile; fileRef = 39A56A892725F4C300A65138 /* List+SectionIndex.swift */; };
		39A56A8C2725FB5B00A65138 /* SectionIndexModifier.swift in Sources */ = {isa = PBXBuildFile; fileRef = 39A56A8B2725FB5B00A65138 /* SectionIndexModifier.swift */; };
		39A5B27426476299007F55C3 /* TypeMappings.swift in Sources */ = {isa = PBXBuildFile; fileRef = 39A5B27326476299007F55C3 /* TypeMappings.swift */; };
		39B0DC0126A4CD5D000EB871 /* SpriteGallery.swift in Sources */ = {isa = PBXBuildFile; fileRef = 39B0DC0026A4CD5D000EB871 /* SpriteGallery.swift */; };
		39B0DC0326A6851E000EB871 /* StatsView.swift in Sources */ = {isa = PBXBuildFile; fileRef = 39B0DC0226A6851E000EB871 /* StatsView.swift */; };
		39BE5CBB2668068C0044FFD5 /* DynamicListProvider.swift in Sources */ = {isa = PBXBuildFile; fileRef = 39BE5CBA2668068C0044FFD5 /* DynamicListProvider.swift */; };
		39C282072688EF2F004C9C3A /* PopOutList.swift in Sources */ = {isa = PBXBuildFile; fileRef = 39C282062688EF2E004C9C3A /* PopOutList.swift */; };
		39C2820A26893D16004C9C3A /* MoveDetail.swift in Sources */ = {isa = PBXBuildFile; fileRef = 39C2820926893D16004C9C3A /* MoveDetail.swift */; };
		39C2820C26893D28004C9C3A /* MoveViewModel.swift in Sources */ = {isa = PBXBuildFile; fileRef = 39C2820B26893D28004C9C3A /* MoveViewModel.swift */; };
		39C3C80F27321773001B82FA /* GenerationalResource.swift in Sources */ = {isa = PBXBuildFile; fileRef = 39C3C80E27321773001B82FA /* GenerationalResource.swift */; };
		39CA6892264D9AC500F005C5 /* Assets.swift in Sources */ = {isa = PBXBuildFile; fileRef = 39CA6891264D9AC500F005C5 /* Assets.swift */; };
		39CA6897264F46D200F005C5 /* TypeDetail.swift in Sources */ = {isa = PBXBuildFile; fileRef = 39CA6896264F46D200F005C5 /* TypeDetail.swift */; };
		39CA689B26501E8F00F005C5 /* StringEntensions.swift in Sources */ = {isa = PBXBuildFile; fileRef = 39CA689A26501E8F00F005C5 /* StringEntensions.swift */; };
		39CA689D265031D400F005C5 /* DamageRelations.swift in Sources */ = {isa = PBXBuildFile; fileRef = 39CA689C265031D400F005C5 /* DamageRelations.swift */; };
		39CA689F26503BFF00F005C5 /* TypeRelationView.swift in Sources */ = {isa = PBXBuildFile; fileRef = 39CA689E26503BFF00F005C5 /* TypeRelationView.swift */; };
		39CA68A12651810900F005C5 /* TypeList.swift in Sources */ = {isa = PBXBuildFile; fileRef = 39CA68A02651810900F005C5 /* TypeList.swift */; };
		39CA68A326519ED200F005C5 /* TypeViewModel.swift in Sources */ = {isa = PBXBuildFile; fileRef = 39CA68A226519ED200F005C5 /* TypeViewModel.swift */; };
		39CA68A52651A4C900F005C5 /* MovesWithThisType.swift in Sources */ = {isa = PBXBuildFile; fileRef = 39CA68A42651A4C900F005C5 /* MovesWithThisType.swift */; };
		39CA68A72651A5BB00F005C5 /* PokemonWithThisType.swift in Sources */ = {isa = PBXBuildFile; fileRef = 39CA68A62651A5BB00F005C5 /* PokemonWithThisType.swift */; };
		39CB74BF26E526A000CF0C3A /* PokemonImageView.swift in Sources */ = {isa = PBXBuildFile; fileRef = 39CB74BE26E526A000CF0C3A /* PokemonImageView.swift */; };
		39CB74C126E52C5900CF0C3A /* NavigationModifier.swift in Sources */ = {isa = PBXBuildFile; fileRef = 39CB74C026E52C5900CF0C3A /* NavigationModifier.swift */; };
		39CB74F726F7C61600CF0C3A /* LoadingView.swift in Sources */ = {isa = PBXBuildFile; fileRef = 39CB74F626F7C61600CF0C3A /* LoadingView.swift */; };
		39CB74F926F7CE6E00CF0C3A /* NavigationControllerExtensions.swift in Sources */ = {isa = PBXBuildFile; fileRef = 39CB74F826F7CE6E00CF0C3A /* NavigationControllerExtensions.swift */; };
		39CB74FC26F8028D00CF0C3A /* MoveLearnMethodType.swift in Sources */ = {isa = PBXBuildFile; fileRef = 39CB74FB26F8028D00CF0C3A /* MoveLearnMethodType.swift */; };
		39CB74FE26F8067B00CF0C3A /* PokemonMoveData.swift in Sources */ = {isa = PBXBuildFile; fileRef = 39CB74FD26F8067B00CF0C3A /* PokemonMoveData.swift */; };
		39CB750226F80F7E00CF0C3A /* VersionGroupName.swift in Sources */ = {isa = PBXBuildFile; fileRef = 39CB750126F80F7E00CF0C3A /* VersionGroupName.swift */; };
		39CB750426F81AAA00CF0C3A /* PopOutMoveList.swift in Sources */ = {isa = PBXBuildFile; fileRef = 39CB750326F81AAA00CF0C3A /* PopOutMoveList.swift */; };
		39CEAE19266C46FF00941036 /* ResourceLimits.swift in Sources */ = {isa = PBXBuildFile; fileRef = 39CEAE18266C46FF00941036 /* ResourceLimits.swift */; };
		39CEAE1D266C4DB500941036 /* StaticList.swift in Sources */ = {isa = PBXBuildFile; fileRef = 39CEAE1C266C4DB500941036 /* StaticList.swift */; };
		39CEAE1F266C4EB100941036 /* StaticListViewModel.swift in Sources */ = {isa = PBXBuildFile; fileRef = 39CEAE1E266C4EB100941036 /* StaticListViewModel.swift */; };
		39CEAE22266C526800941036 /* TabBar.swift in Sources */ = {isa = PBXBuildFile; fileRef = 39CEAE21266C526800941036 /* TabBar.swift */; };
		39CEAE24266C544B00941036 /* SearchBar.swift in Sources */ = {isa = PBXBuildFile; fileRef = 39CEAE23266C544B00941036 /* SearchBar.swift */; };
		39CEAE26266D4AE100941036 /* TabBarView.swift in Sources */ = {isa = PBXBuildFile; fileRef = 39CEAE25266D4AE100941036 /* TabBarView.swift */; };
		39CEAE28266D4AEB00941036 /* TabBarIcons.swift in Sources */ = {isa = PBXBuildFile; fileRef = 39CEAE27266D4AEB00941036 /* TabBarIcons.swift */; };
		39CEAE2A266D4B3D00941036 /* ViewRouter.swift in Sources */ = {isa = PBXBuildFile; fileRef = 39CEAE29266D4B3D00941036 /* ViewRouter.swift */; };
		39CEAE2C266D4D9900941036 /* TabBarIcon.swift in Sources */ = {isa = PBXBuildFile; fileRef = 39CEAE2B266D4D9900941036 /* TabBarIcon.swift */; };
		39CEAE31266D806500941036 /* LazyNavigationView.swift in Sources */ = {isa = PBXBuildFile; fileRef = 39CEAE30266D806500941036 /* LazyNavigationView.swift */; };
		39D1C3B426ADF4ED009CE90D /* PokemonAbilitiesStack.swift in Sources */ = {isa = PBXBuildFile; fileRef = 39D1C3B326ADF4ED009CE90D /* PokemonAbilitiesStack.swift */; };
		39D1C3B626ADF5AF009CE90D /* PokemonTypesStack.swift in Sources */ = {isa = PBXBuildFile; fileRef = 39D1C3B526ADF5AF009CE90D /* PokemonTypesStack.swift */; };
		39D1C3B826ADFDD0009CE90D /* PokemonEvolutionChainView.swift in Sources */ = {isa = PBXBuildFile; fileRef = 39D1C3B726ADFDD0009CE90D /* PokemonEvolutionChainView.swift */; };
		39D1C3BC26AE0878009CE90D /* ViewExtensions.swift in Sources */ = {isa = PBXBuildFile; fileRef = 39D1C3BB26AE0878009CE90D /* ViewExtensions.swift */; };
		39D1C3BE26AE0B83009CE90D /* EvolutionChainPokemonCollection.swift in Sources */ = {isa = PBXBuildFile; fileRef = 39D1C3BD26AE0B83009CE90D /* EvolutionChainPokemonCollection.swift */; };
		39D31B3F2640E54300BB3DD9 /* RemoteImageView.swift in Sources */ = {isa = PBXBuildFile; fileRef = 39D31B3E2640E54300BB3DD9 /* RemoteImageView.swift */; };
/* End PBXBuildFile section */

/* Begin PBXContainerItemProxy section */
		393C628B263F023D00EBE6B4 /* PBXContainerItemProxy */ = {
			isa = PBXContainerItemProxy;
			containerPortal = 393C6271263F023A00EBE6B4 /* Project object */;
			proxyType = 1;
			remoteGlobalIDString = 393C6278263F023A00EBE6B4;
			remoteInfo = PocketDex;
		};
		393C6296263F023D00EBE6B4 /* PBXContainerItemProxy */ = {
			isa = PBXContainerItemProxy;
			containerPortal = 393C6271263F023A00EBE6B4 /* Project object */;
			proxyType = 1;
			remoteGlobalIDString = 393C6278263F023A00EBE6B4;
			remoteInfo = PocketDex;
		};
/* End PBXContainerItemProxy section */

/* Begin PBXFileReference section */
		3903E3E026A34099000DE4B2 /* AbilityDetail.swift */ = {isa = PBXFileReference; lastKnownFileType = sourcecode.swift; path = AbilityDetail.swift; sourceTree = "<group>"; };
		3903E3E226A34118000DE4B2 /* AbilityViewModel.swift */ = {isa = PBXFileReference; lastKnownFileType = sourcecode.swift; path = AbilityViewModel.swift; sourceTree = "<group>"; };
		390B078B27120266002EA7FB /* SpriteReference.swift */ = {isa = PBXFileReference; lastKnownFileType = sourcecode.swift; path = SpriteReference.swift; sourceTree = "<group>"; };
		390B07C527124696002EA7FB /* CarouselView.swift */ = {isa = PBXFileReference; lastKnownFileType = sourcecode.swift; path = CarouselView.swift; sourceTree = "<group>"; };
		390B07C8271246EF002EA7FB /* ClosedRange+Clamp.swift */ = {isa = PBXFileReference; lastKnownFileType = sourcecode.swift; path = "ClosedRange+Clamp.swift"; sourceTree = "<group>"; };
		390B07CA271B7992002EA7FB /* SpeciesInfo.swift */ = {isa = PBXFileReference; lastKnownFileType = sourcecode.swift; path = SpeciesInfo.swift; sourceTree = "<group>"; };
		390B07CC271BA580002EA7FB /* Sorting.swift */ = {isa = PBXFileReference; lastKnownFileType = sourcecode.swift; path = Sorting.swift; sourceTree = "<group>"; };
		393C6279263F023A00EBE6B4 /* PocketDex.app */ = {isa = PBXFileReference; explicitFileType = wrapper.application; includeInIndex = 0; path = PocketDex.app; sourceTree = BUILT_PRODUCTS_DIR; };
		393C627C263F023A00EBE6B4 /* PocketDexApp.swift */ = {isa = PBXFileReference; lastKnownFileType = sourcecode.swift; path = PocketDexApp.swift; sourceTree = "<group>"; };
		393C627E263F023A00EBE6B4 /* PokemonDetail.swift */ = {isa = PBXFileReference; lastKnownFileType = sourcecode.swift; path = PokemonDetail.swift; sourceTree = "<group>"; };
		393C6280263F023D00EBE6B4 /* Assets.xcassets */ = {isa = PBXFileReference; lastKnownFileType = folder.assetcatalog; path = Assets.xcassets; sourceTree = "<group>"; };
		393C6283263F023D00EBE6B4 /* Preview Assets.xcassets */ = {isa = PBXFileReference; lastKnownFileType = folder.assetcatalog; path = "Preview Assets.xcassets"; sourceTree = "<group>"; };
		393C6285263F023D00EBE6B4 /* Info.plist */ = {isa = PBXFileReference; lastKnownFileType = text.plist.xml; path = Info.plist; sourceTree = "<group>"; };
		393C628A263F023D00EBE6B4 /* PocketDexTests.xctest */ = {isa = PBXFileReference; explicitFileType = wrapper.cfbundle; includeInIndex = 0; path = PocketDexTests.xctest; sourceTree = BUILT_PRODUCTS_DIR; };
		393C628E263F023D00EBE6B4 /* PocketDexTests.swift */ = {isa = PBXFileReference; lastKnownFileType = sourcecode.swift; path = PocketDexTests.swift; sourceTree = "<group>"; };
		393C6290263F023D00EBE6B4 /* Info.plist */ = {isa = PBXFileReference; lastKnownFileType = text.plist.xml; path = Info.plist; sourceTree = "<group>"; };
		393C6295263F023D00EBE6B4 /* PocketDexUITests.xctest */ = {isa = PBXFileReference; explicitFileType = wrapper.cfbundle; includeInIndex = 0; path = PocketDexUITests.xctest; sourceTree = BUILT_PRODUCTS_DIR; };
		393C6299263F023D00EBE6B4 /* PocketDexUITests.swift */ = {isa = PBXFileReference; lastKnownFileType = sourcecode.swift; path = PocketDexUITests.swift; sourceTree = "<group>"; };
		393C629B263F023D00EBE6B4 /* Info.plist */ = {isa = PBXFileReference; lastKnownFileType = text.plist.xml; path = Info.plist; sourceTree = "<group>"; };
		398BF388267FAF6B00AABD5C /* PokemonViewModel.swift */ = {isa = PBXFileReference; lastKnownFileType = sourcecode.swift; path = PokemonViewModel.swift; sourceTree = "<group>"; };
		399BD61B266582E3001CA60C /* DynamicList.swift */ = {isa = PBXFileReference; lastKnownFileType = sourcecode.swift; path = DynamicList.swift; sourceTree = "<group>"; };
		39A56A4E2725C43F00A65138 /* BerryModel.swift */ = {isa = PBXFileReference; lastKnownFileType = sourcecode.swift; path = BerryModel.swift; sourceTree = "<group>"; };
		39A56A892725F4C300A65138 /* List+SectionIndex.swift */ = {isa = PBXFileReference; lastKnownFileType = sourcecode.swift; path = "List+SectionIndex.swift"; sourceTree = "<group>"; };
		39A56A8B2725FB5B00A65138 /* SectionIndexModifier.swift */ = {isa = PBXFileReference; lastKnownFileType = sourcecode.swift; path = SectionIndexModifier.swift; sourceTree = "<group>"; };
		39A5B27326476299007F55C3 /* TypeMappings.swift */ = {isa = PBXFileReference; lastKnownFileType = sourcecode.swift; path = TypeMappings.swift; sourceTree = "<group>"; };
		39B0DC0026A4CD5D000EB871 /* SpriteGallery.swift */ = {isa = PBXFileReference; lastKnownFileType = sourcecode.swift; path = SpriteGallery.swift; sourceTree = "<group>"; };
		39B0DC0226A6851E000EB871 /* StatsView.swift */ = {isa = PBXFileReference; lastKnownFileType = sourcecode.swift; path = StatsView.swift; sourceTree = "<group>"; };
		39BE5CBA2668068C0044FFD5 /* DynamicListProvider.swift */ = {isa = PBXFileReference; lastKnownFileType = sourcecode.swift; path = DynamicListProvider.swift; sourceTree = "<group>"; };
		39C282062688EF2E004C9C3A /* PopOutList.swift */ = {isa = PBXFileReference; lastKnownFileType = sourcecode.swift; path = PopOutList.swift; sourceTree = "<group>"; };
		39C2820926893D16004C9C3A /* MoveDetail.swift */ = {isa = PBXFileReference; lastKnownFileType = sourcecode.swift; path = MoveDetail.swift; sourceTree = "<group>"; };
		39C2820B26893D28004C9C3A /* MoveViewModel.swift */ = {isa = PBXFileReference; lastKnownFileType = sourcecode.swift; path = MoveViewModel.swift; sourceTree = "<group>"; };
		39C3C80E27321773001B82FA /* GenerationalResource.swift */ = {isa = PBXFileReference; lastKnownFileType = sourcecode.swift; path = GenerationalResource.swift; sourceTree = "<group>"; };
		39CA6891264D9AC500F005C5 /* Assets.swift */ = {isa = PBXFileReference; fileEncoding = 4; lastKnownFileType = sourcecode.swift; path = Assets.swift; sourceTree = "<group>"; };
		39CA6896264F46D200F005C5 /* TypeDetail.swift */ = {isa = PBXFileReference; lastKnownFileType = sourcecode.swift; path = TypeDetail.swift; sourceTree = "<group>"; };
		39CA689A26501E8F00F005C5 /* StringEntensions.swift */ = {isa = PBXFileReference; lastKnownFileType = sourcecode.swift; path = StringEntensions.swift; sourceTree = "<group>"; };
		39CA689C265031D400F005C5 /* DamageRelations.swift */ = {isa = PBXFileReference; lastKnownFileType = sourcecode.swift; path = DamageRelations.swift; sourceTree = "<group>"; };
		39CA689E26503BFF00F005C5 /* TypeRelationView.swift */ = {isa = PBXFileReference; lastKnownFileType = sourcecode.swift; path = TypeRelationView.swift; sourceTree = "<group>"; };
		39CA68A02651810900F005C5 /* TypeList.swift */ = {isa = PBXFileReference; lastKnownFileType = sourcecode.swift; path = TypeList.swift; sourceTree = "<group>"; };
		39CA68A226519ED200F005C5 /* TypeViewModel.swift */ = {isa = PBXFileReference; lastKnownFileType = sourcecode.swift; path = TypeViewModel.swift; sourceTree = "<group>"; };
		39CA68A42651A4C900F005C5 /* MovesWithThisType.swift */ = {isa = PBXFileReference; lastKnownFileType = sourcecode.swift; path = MovesWithThisType.swift; sourceTree = "<group>"; };
		39CA68A62651A5BB00F005C5 /* PokemonWithThisType.swift */ = {isa = PBXFileReference; lastKnownFileType = sourcecode.swift; path = PokemonWithThisType.swift; sourceTree = "<group>"; };
		39CB74BE26E526A000CF0C3A /* PokemonImageView.swift */ = {isa = PBXFileReference; lastKnownFileType = sourcecode.swift; path = PokemonImageView.swift; sourceTree = "<group>"; };
		39CB74C026E52C5900CF0C3A /* NavigationModifier.swift */ = {isa = PBXFileReference; lastKnownFileType = sourcecode.swift; path = NavigationModifier.swift; sourceTree = "<group>"; };
		39CB74F626F7C61600CF0C3A /* LoadingView.swift */ = {isa = PBXFileReference; lastKnownFileType = sourcecode.swift; path = LoadingView.swift; sourceTree = "<group>"; };
		39CB74F826F7CE6E00CF0C3A /* NavigationControllerExtensions.swift */ = {isa = PBXFileReference; lastKnownFileType = sourcecode.swift; path = NavigationControllerExtensions.swift; sourceTree = "<group>"; };
		39CB74FB26F8028D00CF0C3A /* MoveLearnMethodType.swift */ = {isa = PBXFileReference; lastKnownFileType = sourcecode.swift; path = MoveLearnMethodType.swift; sourceTree = "<group>"; };
		39CB74FD26F8067B00CF0C3A /* PokemonMoveData.swift */ = {isa = PBXFileReference; lastKnownFileType = sourcecode.swift; path = PokemonMoveData.swift; sourceTree = "<group>"; };
		39CB750126F80F7E00CF0C3A /* VersionGroupName.swift */ = {isa = PBXFileReference; lastKnownFileType = sourcecode.swift; path = VersionGroupName.swift; sourceTree = "<group>"; };
		39CB750326F81AAA00CF0C3A /* PopOutMoveList.swift */ = {isa = PBXFileReference; lastKnownFileType = sourcecode.swift; path = PopOutMoveList.swift; sourceTree = "<group>"; };
		39CEAE18266C46FF00941036 /* ResourceLimits.swift */ = {isa = PBXFileReference; lastKnownFileType = sourcecode.swift; path = ResourceLimits.swift; sourceTree = "<group>"; };
		39CEAE1C266C4DB500941036 /* StaticList.swift */ = {isa = PBXFileReference; lastKnownFileType = sourcecode.swift; path = StaticList.swift; sourceTree = "<group>"; };
		39CEAE1E266C4EB100941036 /* StaticListViewModel.swift */ = {isa = PBXFileReference; lastKnownFileType = sourcecode.swift; path = StaticListViewModel.swift; sourceTree = "<group>"; };
		39CEAE21266C526800941036 /* TabBar.swift */ = {isa = PBXFileReference; lastKnownFileType = sourcecode.swift; path = TabBar.swift; sourceTree = "<group>"; };
		39CEAE23266C544B00941036 /* SearchBar.swift */ = {isa = PBXFileReference; lastKnownFileType = sourcecode.swift; path = SearchBar.swift; sourceTree = "<group>"; };
		39CEAE25266D4AE100941036 /* TabBarView.swift */ = {isa = PBXFileReference; lastKnownFileType = sourcecode.swift; path = TabBarView.swift; sourceTree = "<group>"; };
		39CEAE27266D4AEB00941036 /* TabBarIcons.swift */ = {isa = PBXFileReference; lastKnownFileType = sourcecode.swift; path = TabBarIcons.swift; sourceTree = "<group>"; };
		39CEAE29266D4B3D00941036 /* ViewRouter.swift */ = {isa = PBXFileReference; lastKnownFileType = sourcecode.swift; path = ViewRouter.swift; sourceTree = "<group>"; };
		39CEAE2B266D4D9900941036 /* TabBarIcon.swift */ = {isa = PBXFileReference; lastKnownFileType = sourcecode.swift; path = TabBarIcon.swift; sourceTree = "<group>"; };
		39CEAE30266D806500941036 /* LazyNavigationView.swift */ = {isa = PBXFileReference; lastKnownFileType = sourcecode.swift; path = LazyNavigationView.swift; sourceTree = "<group>"; };
		39D1C3B326ADF4ED009CE90D /* PokemonAbilitiesStack.swift */ = {isa = PBXFileReference; lastKnownFileType = sourcecode.swift; path = PokemonAbilitiesStack.swift; sourceTree = "<group>"; };
		39D1C3B526ADF5AF009CE90D /* PokemonTypesStack.swift */ = {isa = PBXFileReference; lastKnownFileType = sourcecode.swift; path = PokemonTypesStack.swift; sourceTree = "<group>"; };
		39D1C3B726ADFDD0009CE90D /* PokemonEvolutionChainView.swift */ = {isa = PBXFileReference; lastKnownFileType = sourcecode.swift; path = PokemonEvolutionChainView.swift; sourceTree = "<group>"; };
		39D1C3BB26AE0878009CE90D /* ViewExtensions.swift */ = {isa = PBXFileReference; lastKnownFileType = sourcecode.swift; path = ViewExtensions.swift; sourceTree = "<group>"; };
		39D1C3BD26AE0B83009CE90D /* EvolutionChainPokemonCollection.swift */ = {isa = PBXFileReference; lastKnownFileType = sourcecode.swift; path = EvolutionChainPokemonCollection.swift; sourceTree = "<group>"; };
		39D31B3E2640E54300BB3DD9 /* RemoteImageView.swift */ = {isa = PBXFileReference; lastKnownFileType = sourcecode.swift; path = RemoteImageView.swift; sourceTree = "<group>"; };
/* End PBXFileReference section */

/* Begin PBXFrameworksBuildPhase section */
		393C6276263F023A00EBE6B4 /* Frameworks */ = {
			isa = PBXFrameworksBuildPhase;
			buildActionMask = 2147483647;
			files = (
				39A56A882725E3E100A65138 /* Collections in Frameworks */,
				393C62A9263F030100EBE6B4 /* PokeSwift in Frameworks */,
			);
			runOnlyForDeploymentPostprocessing = 0;
		};
		393C6287263F023D00EBE6B4 /* Frameworks */ = {
			isa = PBXFrameworksBuildPhase;
			buildActionMask = 2147483647;
			files = (
			);
			runOnlyForDeploymentPostprocessing = 0;
		};
		393C6292263F023D00EBE6B4 /* Frameworks */ = {
			isa = PBXFrameworksBuildPhase;
			buildActionMask = 2147483647;
			files = (
			);
			runOnlyForDeploymentPostprocessing = 0;
		};
/* End PBXFrameworksBuildPhase section */

/* Begin PBXGroup section */
		3903E3DF26A34082000DE4B2 /* Ability */ = {
			isa = PBXGroup;
			children = (
				3903E3E026A34099000DE4B2 /* AbilityDetail.swift */,
			);
			path = Ability;
			sourceTree = "<group>";
		};
		393C6270263F023A00EBE6B4 = {
			isa = PBXGroup;
			children = (
				393C627B263F023A00EBE6B4 /* PocketDex */,
				393C628D263F023D00EBE6B4 /* PocketDexTests */,
				393C6298263F023D00EBE6B4 /* PocketDexUITests */,
				393C627A263F023A00EBE6B4 /* Products */,
			);
			sourceTree = "<group>";
		};
		393C627A263F023A00EBE6B4 /* Products */ = {
			isa = PBXGroup;
			children = (
				393C6279263F023A00EBE6B4 /* PocketDex.app */,
				393C628A263F023D00EBE6B4 /* PocketDexTests.xctest */,
				393C6295263F023D00EBE6B4 /* PocketDexUITests.xctest */,
			);
			name = Products;
			sourceTree = "<group>";
		};
		393C627B263F023A00EBE6B4 /* PocketDex */ = {
			isa = PBXGroup;
			children = (
				39A5B27226476289007F55C3 /* DataModels */,
				39CA689926501E7000F005C5 /* Extensions */,
				39A5B26D26475BF2007F55C3 /* Important */,
				39A5B26E26475C08007F55C3 /* Resources */,
				39A5B26C26475BD7007F55C3 /* View Models */,
				39CA689826501E4B00F005C5 /* View Modifiers */,
				39A5B26B26475BD2007F55C3 /* Views */,
			);
			path = PocketDex;
			sourceTree = "<group>";
		};
		393C6282263F023D00EBE6B4 /* Preview Content */ = {
			isa = PBXGroup;
			children = (
				393C6283263F023D00EBE6B4 /* Preview Assets.xcassets */,
			);
			path = "Preview Content";
			sourceTree = "<group>";
		};
		393C628D263F023D00EBE6B4 /* PocketDexTests */ = {
			isa = PBXGroup;
			children = (
				393C628E263F023D00EBE6B4 /* PocketDexTests.swift */,
				393C6290263F023D00EBE6B4 /* Info.plist */,
			);
			path = PocketDexTests;
			sourceTree = "<group>";
		};
		393C6298263F023D00EBE6B4 /* PocketDexUITests */ = {
			isa = PBXGroup;
			children = (
				393C6299263F023D00EBE6B4 /* PocketDexUITests.swift */,
				393C629B263F023D00EBE6B4 /* Info.plist */,
			);
			path = PocketDexUITests;
			sourceTree = "<group>";
		};
		399BD61A266582CA001CA60C /* Dynamic List */ = {
			isa = PBXGroup;
			children = (
				399BD61B266582E3001CA60C /* DynamicList.swift */,
				39BE5CBA2668068C0044FFD5 /* DynamicListProvider.swift */,
			);
			path = "Dynamic List";
			sourceTree = "<group>";
		};
		39A5B26B26475BD2007F55C3 /* Views */ = {
			isa = PBXGroup;
			children = (
				3903E3DF26A34082000DE4B2 /* Ability */,
				390B07C527124696002EA7FB /* CarouselView.swift */,
				39CEAE2F266D804600941036 /* Images */,
				39C2820826893D09004C9C3A /* Move */,
				39CEAE2D266D802E00941036 /* Navigation */,
				39CEAE2E266D803900941036 /* Pokemon */,
				39CEAE1A266C4D5800941036 /* Resource List */,
				39CEAE20266C524500941036 /* Tab Bar */,
				39A5B26F26475C92007F55C3 /* Type */,
			);
			path = Views;
			sourceTree = "<group>";
		};
		39A5B26C26475BD7007F55C3 /* View Models */ = {
			isa = PBXGroup;
			children = (
				39CA68A226519ED200F005C5 /* TypeViewModel.swift */,
				39CEAE1E266C4EB100941036 /* StaticListViewModel.swift */,
				39CEAE29266D4B3D00941036 /* ViewRouter.swift */,
				398BF388267FAF6B00AABD5C /* PokemonViewModel.swift */,
				39C2820B26893D28004C9C3A /* MoveViewModel.swift */,
				3903E3E226A34118000DE4B2 /* AbilityViewModel.swift */,
			);
			path = "View Models";
			sourceTree = "<group>";
		};
		39A5B26D26475BF2007F55C3 /* Important */ = {
			isa = PBXGroup;
			children = (
				393C6285263F023D00EBE6B4 /* Info.plist */,
				393C627C263F023A00EBE6B4 /* PocketDexApp.swift */,
			);
			path = Important;
			sourceTree = "<group>";
		};
		39A5B26E26475C08007F55C3 /* Resources */ = {
			isa = PBXGroup;
			children = (
				39CA688C264D968C00F005C5 /* Static */,
				393C6280263F023D00EBE6B4 /* Assets.xcassets */,
				393C6282263F023D00EBE6B4 /* Preview Content */,
			);
			path = Resources;
			sourceTree = "<group>";
		};
		39A5B26F26475C92007F55C3 /* Type */ = {
			isa = PBXGroup;
			children = (
				39CA689C265031D400F005C5 /* DamageRelations.swift */,
				39CA68A42651A4C900F005C5 /* MovesWithThisType.swift */,
				39CA68A62651A5BB00F005C5 /* PokemonWithThisType.swift */,
				39CA68A02651810900F005C5 /* TypeList.swift */,
				39CA689E26503BFF00F005C5 /* TypeRelationView.swift */,
				39CA6896264F46D200F005C5 /* TypeDetail.swift */,
			);
			path = Type;
			sourceTree = "<group>";
		};
		39A5B27226476289007F55C3 /* DataModels */ = {
			isa = PBXGroup;
			children = (
				39CB750026F80F7300CF0C3A /* Version Groups */,
				39D1C3BD26AE0B83009CE90D /* EvolutionChainPokemonCollection.swift */,
				39CB74FF26F8068900CF0C3A /* Moves */,
				39CEAE18266C46FF00941036 /* ResourceLimits.swift */,
				39A5B27326476299007F55C3 /* TypeMappings.swift */,
				390B078B27120266002EA7FB /* SpriteReference.swift */,
				390B07CA271B7992002EA7FB /* SpeciesInfo.swift */,
				39A56A4E2725C43F00A65138 /* BerryModel.swift */,
				39C3C80E27321773001B82FA /* GenerationalResource.swift */,
			);
			path = DataModels;
			sourceTree = "<group>";
		};
		39C2820826893D09004C9C3A /* Move */ = {
			isa = PBXGroup;
			children = (
				39C2820926893D16004C9C3A /* MoveDetail.swift */,
			);
			path = Move;
			sourceTree = "<group>";
		};
		39CA688C264D968C00F005C5 /* Static */ = {
			isa = PBXGroup;
			children = (
				39CA688D264D969200F005C5 /* SwiftGen */,
			);
			path = Static;
			sourceTree = "<group>";
		};
		39CA688D264D969200F005C5 /* SwiftGen */ = {
			isa = PBXGroup;
			children = (
				39CA6891264D9AC500F005C5 /* Assets.swift */,
			);
			path = SwiftGen;
			sourceTree = "<group>";
		};
		39CA689826501E4B00F005C5 /* View Modifiers */ = {
			isa = PBXGroup;
			children = (
				39CB74C026E52C5900CF0C3A /* NavigationModifier.swift */,
				39A56A8B2725FB5B00A65138 /* SectionIndexModifier.swift */,
			);
			path = "View Modifiers";
			sourceTree = "<group>";
		};
		39CA689926501E7000F005C5 /* Extensions */ = {
			isa = PBXGroup;
			children = (
				39CA689A26501E8F00F005C5 /* StringEntensions.swift */,
				39D1C3BB26AE0878009CE90D /* ViewExtensions.swift */,
				39CB74F826F7CE6E00CF0C3A /* NavigationControllerExtensions.swift */,
				390B07C8271246EF002EA7FB /* ClosedRange+Clamp.swift */,
				390B07CC271BA580002EA7FB /* Sorting.swift */,
				39A56A892725F4C300A65138 /* List+SectionIndex.swift */,
			);
			path = Extensions;
			sourceTree = "<group>";
		};
		39CB74BB26E51DD000CF0C3A /* Evolutions */ = {
			isa = PBXGroup;
			children = (
				39D1C3B726ADFDD0009CE90D /* PokemonEvolutionChainView.swift */,
			);
			path = Evolutions;
			sourceTree = "<group>";
		};
		39CB74FF26F8068900CF0C3A /* Moves */ = {
			isa = PBXGroup;
			children = (
				39CB74FB26F8028D00CF0C3A /* MoveLearnMethodType.swift */,
				39CB74FD26F8067B00CF0C3A /* PokemonMoveData.swift */,
			);
			path = Moves;
			sourceTree = "<group>";
		};
		39CB750026F80F7300CF0C3A /* Version Groups */ = {
			isa = PBXGroup;
			children = (
				39CB750126F80F7E00CF0C3A /* VersionGroupName.swift */,
			);
			path = "Version Groups";
			sourceTree = "<group>";
		};
		39CEAE1A266C4D5800941036 /* Resource List */ = {
			isa = PBXGroup;
			children = (
				39CEAE1B266C4D7300941036 /* Static List */,
				399BD61A266582CA001CA60C /* Dynamic List */,
			);
			path = "Resource List";
			sourceTree = "<group>";
		};
		39CEAE1B266C4D7300941036 /* Static List */ = {
			isa = PBXGroup;
			children = (
				39CEAE1C266C4DB500941036 /* StaticList.swift */,
				39CEAE23266C544B00941036 /* SearchBar.swift */,
			);
			path = "Static List";
			sourceTree = "<group>";
		};
		39CEAE20266C524500941036 /* Tab Bar */ = {
			isa = PBXGroup;
			children = (
				39CEAE21266C526800941036 /* TabBar.swift */,
				39CEAE2B266D4D9900941036 /* TabBarIcon.swift */,
				39CEAE27266D4AEB00941036 /* TabBarIcons.swift */,
				39CEAE25266D4AE100941036 /* TabBarView.swift */,
			);
			path = "Tab Bar";
			sourceTree = "<group>";
		};
		39CEAE2D266D802E00941036 /* Navigation */ = {
			isa = PBXGroup;
			children = (
				39CEAE30266D806500941036 /* LazyNavigationView.swift */,
				39C282062688EF2E004C9C3A /* PopOutList.swift */,
				39CB750326F81AAA00CF0C3A /* PopOutMoveList.swift */,
			);
			path = Navigation;
			sourceTree = "<group>";
		};
		39CEAE2E266D803900941036 /* Pokemon */ = {
			isa = PBXGroup;
			children = (
				39CB74BB26E51DD000CF0C3A /* Evolutions */,
				393C627E263F023A00EBE6B4 /* PokemonDetail.swift */,
				39B0DC0026A4CD5D000EB871 /* SpriteGallery.swift */,
				39B0DC0226A6851E000EB871 /* StatsView.swift */,
				39D1C3B326ADF4ED009CE90D /* PokemonAbilitiesStack.swift */,
				39D1C3B526ADF5AF009CE90D /* PokemonTypesStack.swift */,
				39CB74BE26E526A000CF0C3A /* PokemonImageView.swift */,
			);
			path = Pokemon;
			sourceTree = "<group>";
		};
		39CEAE2F266D804600941036 /* Images */ = {
			isa = PBXGroup;
			children = (
				39D31B3E2640E54300BB3DD9 /* RemoteImageView.swift */,
				39CB74F626F7C61600CF0C3A /* LoadingView.swift */,
			);
			path = Images;
			sourceTree = "<group>";
		};
/* End PBXGroup section */

/* Begin PBXNativeTarget section */
		393C6278263F023A00EBE6B4 /* PocketDex */ = {
			isa = PBXNativeTarget;
			buildConfigurationList = 393C629E263F023D00EBE6B4 /* Build configuration list for PBXNativeTarget "PocketDex" */;
			buildPhases = (
				39CA688E264D973B00F005C5 /* SwiftGen */,
				393C6275263F023A00EBE6B4 /* Sources */,
				393C6276263F023A00EBE6B4 /* Frameworks */,
				393C6277263F023A00EBE6B4 /* Resources */,
			);
			buildRules = (
			);
			dependencies = (
			);
			name = PocketDex;
			packageProductDependencies = (
				393C62A8263F030100EBE6B4 /* PokeSwift */,
				39A56A872725E3E100A65138 /* Collections */,
			);
			productName = PocketDex;
			productReference = 393C6279263F023A00EBE6B4 /* PocketDex.app */;
			productType = "com.apple.product-type.application";
		};
		393C6289263F023D00EBE6B4 /* PocketDexTests */ = {
			isa = PBXNativeTarget;
			buildConfigurationList = 393C62A1263F023D00EBE6B4 /* Build configuration list for PBXNativeTarget "PocketDexTests" */;
			buildPhases = (
				393C6286263F023D00EBE6B4 /* Sources */,
				393C6287263F023D00EBE6B4 /* Frameworks */,
				393C6288263F023D00EBE6B4 /* Resources */,
			);
			buildRules = (
			);
			dependencies = (
				393C628C263F023D00EBE6B4 /* PBXTargetDependency */,
			);
			name = PocketDexTests;
			productName = PocketDexTests;
			productReference = 393C628A263F023D00EBE6B4 /* PocketDexTests.xctest */;
			productType = "com.apple.product-type.bundle.unit-test";
		};
		393C6294263F023D00EBE6B4 /* PocketDexUITests */ = {
			isa = PBXNativeTarget;
			buildConfigurationList = 393C62A4263F023D00EBE6B4 /* Build configuration list for PBXNativeTarget "PocketDexUITests" */;
			buildPhases = (
				393C6291263F023D00EBE6B4 /* Sources */,
				393C6292263F023D00EBE6B4 /* Frameworks */,
				393C6293263F023D00EBE6B4 /* Resources */,
			);
			buildRules = (
			);
			dependencies = (
				393C6297263F023D00EBE6B4 /* PBXTargetDependency */,
			);
			name = PocketDexUITests;
			productName = PocketDexUITests;
			productReference = 393C6295263F023D00EBE6B4 /* PocketDexUITests.xctest */;
			productType = "com.apple.product-type.bundle.ui-testing";
		};
/* End PBXNativeTarget section */

/* Begin PBXProject section */
		393C6271263F023A00EBE6B4 /* Project object */ = {
			isa = PBXProject;
			attributes = {
				LastSwiftUpdateCheck = 1250;
				LastUpgradeCheck = 1250;
				TargetAttributes = {
					393C6278263F023A00EBE6B4 = {
						CreatedOnToolsVersion = 12.5;
					};
					393C6289263F023D00EBE6B4 = {
						CreatedOnToolsVersion = 12.5;
						TestTargetID = 393C6278263F023A00EBE6B4;
					};
					393C6294263F023D00EBE6B4 = {
						CreatedOnToolsVersion = 12.5;
						TestTargetID = 393C6278263F023A00EBE6B4;
					};
				};
			};
			buildConfigurationList = 393C6274263F023A00EBE6B4 /* Build configuration list for PBXProject "PocketDex" */;
			compatibilityVersion = "Xcode 9.3";
			developmentRegion = en;
			hasScannedForEncodings = 0;
			knownRegions = (
				en,
				Base,
			);
			mainGroup = 393C6270263F023A00EBE6B4;
			packageReferences = (
				393C62A7263F030100EBE6B4 /* XCRemoteSwiftPackageReference "PokeSwift" */,
				39A56A862725E3E100A65138 /* XCRemoteSwiftPackageReference "swift-collections" */,
			);
			productRefGroup = 393C627A263F023A00EBE6B4 /* Products */;
			projectDirPath = "";
			projectRoot = "";
			targets = (
				393C6278263F023A00EBE6B4 /* PocketDex */,
				393C6289263F023D00EBE6B4 /* PocketDexTests */,
				393C6294263F023D00EBE6B4 /* PocketDexUITests */,
			);
		};
/* End PBXProject section */

/* Begin PBXResourcesBuildPhase section */
		393C6277263F023A00EBE6B4 /* Resources */ = {
			isa = PBXResourcesBuildPhase;
			buildActionMask = 2147483647;
			files = (
				393C6284263F023D00EBE6B4 /* Preview Assets.xcassets in Resources */,
				393C6281263F023D00EBE6B4 /* Assets.xcassets in Resources */,
			);
			runOnlyForDeploymentPostprocessing = 0;
		};
		393C6288263F023D00EBE6B4 /* Resources */ = {
			isa = PBXResourcesBuildPhase;
			buildActionMask = 2147483647;
			files = (
			);
			runOnlyForDeploymentPostprocessing = 0;
		};
		393C6293263F023D00EBE6B4 /* Resources */ = {
			isa = PBXResourcesBuildPhase;
			buildActionMask = 2147483647;
			files = (
			);
			runOnlyForDeploymentPostprocessing = 0;
		};
/* End PBXResourcesBuildPhase section */

/* Begin PBXShellScriptBuildPhase section */
		39CA688E264D973B00F005C5 /* SwiftGen */ = {
			isa = PBXShellScriptBuildPhase;
			buildActionMask = 2147483647;
			files = (
			);
			inputFileListPaths = (
			);
			inputPaths = (
			);
			name = SwiftGen;
			outputFileListPaths = (
			);
			outputPaths = (
			);
			runOnlyForDeploymentPostprocessing = 0;
			shellPath = /bin/sh;
			shellScript = "if which swiftgen >/dev/null; then\n  swiftgen\nelse\n  echo \"warning: SwiftGen not installed, download it from https://github.com/SwiftGen/SwiftGen\"\nfi\n";
		};
/* End PBXShellScriptBuildPhase section */

/* Begin PBXSourcesBuildPhase section */
		393C6275263F023A00EBE6B4 /* Sources */ = {
			isa = PBXSourcesBuildPhase;
			buildActionMask = 2147483647;
			files = (
				39CEAE2C266D4D9900941036 /* TabBarIcon.swift in Sources */,
				39CEAE1F266C4EB100941036 /* StaticListViewModel.swift in Sources */,
				39CB74C126E52C5900CF0C3A /* NavigationModifier.swift in Sources */,
				390B07C9271246EF002EA7FB /* ClosedRange+Clamp.swift in Sources */,
				39A5B27426476299007F55C3 /* TypeMappings.swift in Sources */,
				39D1C3B826ADFDD0009CE90D /* PokemonEvolutionChainView.swift in Sources */,
				39CEAE2A266D4B3D00941036 /* ViewRouter.swift in Sources */,
				39CEAE22266C526800941036 /* TabBar.swift in Sources */,
				390B078C27120266002EA7FB /* SpriteReference.swift in Sources */,
				39D1C3B426ADF4ED009CE90D /* PokemonAbilitiesStack.swift in Sources */,
				39D1C3BC26AE0878009CE90D /* ViewExtensions.swift in Sources */,
				399BD61C266582E3001CA60C /* DynamicList.swift in Sources */,
				390B07CB271B7992002EA7FB /* SpeciesInfo.swift in Sources */,
				39C282072688EF2F004C9C3A /* PopOutList.swift in Sources */,
				398BF389267FAF6B00AABD5C /* PokemonViewModel.swift in Sources */,
				39CEAE31266D806500941036 /* LazyNavigationView.swift in Sources */,
				39A56A4F2725C43F00A65138 /* BerryModel.swift in Sources */,
				39CA6897264F46D200F005C5 /* TypeDetail.swift in Sources */,
				393C627F263F023A00EBE6B4 /* PokemonDetail.swift in Sources */,
				390B07CD271BA580002EA7FB /* Sorting.swift in Sources */,
				39B0DC0326A6851E000EB871 /* StatsView.swift in Sources */,
				39BE5CBB2668068C0044FFD5 /* DynamicListProvider.swift in Sources */,
				39CA689D265031D400F005C5 /* DamageRelations.swift in Sources */,
				3903E3E326A34118000DE4B2 /* AbilityViewModel.swift in Sources */,
				39D1C3B626ADF5AF009CE90D /* PokemonTypesStack.swift in Sources */,
				39C2820A26893D16004C9C3A /* MoveDetail.swift in Sources */,
				39A56A8A2725F4C300A65138 /* List+SectionIndex.swift in Sources */,
				390B07C627124696002EA7FB /* CarouselView.swift in Sources */,
				39CB74FC26F8028D00CF0C3A /* MoveLearnMethodType.swift in Sources */,
				39CB74FE26F8067B00CF0C3A /* PokemonMoveData.swift in Sources */,
				39CB74F726F7C61600CF0C3A /* LoadingView.swift in Sources */,
				39A56A8C2725FB5B00A65138 /* SectionIndexModifier.swift in Sources */,
				39CA6892264D9AC500F005C5 /* Assets.swift in Sources */,
				39C2820C26893D28004C9C3A /* MoveViewModel.swift in Sources */,
				39CA68A72651A5BB00F005C5 /* PokemonWithThisType.swift in Sources */,
				39D1C3BE26AE0B83009CE90D /* EvolutionChainPokemonCollection.swift in Sources */,
				39CB74BF26E526A000CF0C3A /* PokemonImageView.swift in Sources */,
				39D31B3F2640E54300BB3DD9 /* RemoteImageView.swift in Sources */,
				39CEAE1D266C4DB500941036 /* StaticList.swift in Sources */,
				39CEAE19266C46FF00941036 /* ResourceLimits.swift in Sources */,
				39B0DC0126A4CD5D000EB871 /* SpriteGallery.swift in Sources */,
				39C3C80F27321773001B82FA /* GenerationalResource.swift in Sources */,
				39CB74F926F7CE6E00CF0C3A /* NavigationControllerExtensions.swift in Sources */,
				393C627D263F023A00EBE6B4 /* PocketDexApp.swift in Sources */,
				3903E3E126A34099000DE4B2 /* AbilityDetail.swift in Sources */,
				39CA68A52651A4C900F005C5 /* MovesWithThisType.swift in Sources */,
				39CA689B26501E8F00F005C5 /* StringEntensions.swift in Sources */,
				39CEAE26266D4AE100941036 /* TabBarView.swift in Sources */,
				39CB750226F80F7E00CF0C3A /* VersionGroupName.swift in Sources */,
				39CA68A326519ED200F005C5 /* TypeViewModel.swift in Sources */,
				39CB750426F81AAA00CF0C3A /* PopOutMoveList.swift in Sources */,
				39CEAE28266D4AEB00941036 /* TabBarIcons.swift in Sources */,
				39CEAE24266C544B00941036 /* SearchBar.swift in Sources */,
				39CA68A12651810900F005C5 /* TypeList.swift in Sources */,
				39CA689F26503BFF00F005C5 /* TypeRelationView.swift in Sources */,
			);
			runOnlyForDeploymentPostprocessing = 0;
		};
		393C6286263F023D00EBE6B4 /* Sources */ = {
			isa = PBXSourcesBuildPhase;
			buildActionMask = 2147483647;
			files = (
				393C628F263F023D00EBE6B4 /* PocketDexTests.swift in Sources */,
			);
			runOnlyForDeploymentPostprocessing = 0;
		};
		393C6291263F023D00EBE6B4 /* Sources */ = {
			isa = PBXSourcesBuildPhase;
			buildActionMask = 2147483647;
			files = (
				393C629A263F023D00EBE6B4 /* PocketDexUITests.swift in Sources */,
			);
			runOnlyForDeploymentPostprocessing = 0;
		};
/* End PBXSourcesBuildPhase section */

/* Begin PBXTargetDependency section */
		393C628C263F023D00EBE6B4 /* PBXTargetDependency */ = {
			isa = PBXTargetDependency;
			target = 393C6278263F023A00EBE6B4 /* PocketDex */;
			targetProxy = 393C628B263F023D00EBE6B4 /* PBXContainerItemProxy */;
		};
		393C6297263F023D00EBE6B4 /* PBXTargetDependency */ = {
			isa = PBXTargetDependency;
			target = 393C6278263F023A00EBE6B4 /* PocketDex */;
			targetProxy = 393C6296263F023D00EBE6B4 /* PBXContainerItemProxy */;
		};
/* End PBXTargetDependency section */

/* Begin XCBuildConfiguration section */
		393C629C263F023D00EBE6B4 /* Debug */ = {
			isa = XCBuildConfiguration;
			buildSettings = {
				ALWAYS_SEARCH_USER_PATHS = NO;
				CLANG_ANALYZER_NONNULL = YES;
				CLANG_ANALYZER_NUMBER_OBJECT_CONVERSION = YES_AGGRESSIVE;
				CLANG_CXX_LANGUAGE_STANDARD = "gnu++14";
				CLANG_CXX_LIBRARY = "libc++";
				CLANG_ENABLE_MODULES = YES;
				CLANG_ENABLE_OBJC_ARC = YES;
				CLANG_ENABLE_OBJC_WEAK = YES;
				CLANG_WARN_BLOCK_CAPTURE_AUTORELEASING = YES;
				CLANG_WARN_BOOL_CONVERSION = YES;
				CLANG_WARN_COMMA = YES;
				CLANG_WARN_CONSTANT_CONVERSION = YES;
				CLANG_WARN_DEPRECATED_OBJC_IMPLEMENTATIONS = YES;
				CLANG_WARN_DIRECT_OBJC_ISA_USAGE = YES_ERROR;
				CLANG_WARN_DOCUMENTATION_COMMENTS = YES;
				CLANG_WARN_EMPTY_BODY = YES;
				CLANG_WARN_ENUM_CONVERSION = YES;
				CLANG_WARN_INFINITE_RECURSION = YES;
				CLANG_WARN_INT_CONVERSION = YES;
				CLANG_WARN_NON_LITERAL_NULL_CONVERSION = YES;
				CLANG_WARN_OBJC_IMPLICIT_RETAIN_SELF = YES;
				CLANG_WARN_OBJC_LITERAL_CONVERSION = YES;
				CLANG_WARN_OBJC_ROOT_CLASS = YES_ERROR;
				CLANG_WARN_QUOTED_INCLUDE_IN_FRAMEWORK_HEADER = YES;
				CLANG_WARN_RANGE_LOOP_ANALYSIS = YES;
				CLANG_WARN_STRICT_PROTOTYPES = YES;
				CLANG_WARN_SUSPICIOUS_MOVE = YES;
				CLANG_WARN_UNGUARDED_AVAILABILITY = YES_AGGRESSIVE;
				CLANG_WARN_UNREACHABLE_CODE = YES;
				CLANG_WARN__DUPLICATE_METHOD_MATCH = YES;
				COPY_PHASE_STRIP = NO;
				DEBUG_INFORMATION_FORMAT = dwarf;
				ENABLE_STRICT_OBJC_MSGSEND = YES;
				ENABLE_TESTABILITY = YES;
				GCC_C_LANGUAGE_STANDARD = gnu11;
				GCC_DYNAMIC_NO_PIC = NO;
				GCC_NO_COMMON_BLOCKS = YES;
				GCC_OPTIMIZATION_LEVEL = 0;
				GCC_PREPROCESSOR_DEFINITIONS = (
					"DEBUG=1",
					"$(inherited)",
				);
				GCC_WARN_64_TO_32_BIT_CONVERSION = YES;
				GCC_WARN_ABOUT_RETURN_TYPE = YES_ERROR;
				GCC_WARN_UNDECLARED_SELECTOR = YES;
				GCC_WARN_UNINITIALIZED_AUTOS = YES_AGGRESSIVE;
				GCC_WARN_UNUSED_FUNCTION = YES;
				GCC_WARN_UNUSED_VARIABLE = YES;
				IPHONEOS_DEPLOYMENT_TARGET = 15.0;
				MTL_ENABLE_DEBUG_INFO = INCLUDE_SOURCE;
				MTL_FAST_MATH = YES;
				ONLY_ACTIVE_ARCH = YES;
				SDKROOT = iphoneos;
				SWIFT_ACTIVE_COMPILATION_CONDITIONS = DEBUG;
				SWIFT_OPTIMIZATION_LEVEL = "-Onone";
			};
			name = Debug;
		};
		393C629D263F023D00EBE6B4 /* Release */ = {
			isa = XCBuildConfiguration;
			buildSettings = {
				ALWAYS_SEARCH_USER_PATHS = NO;
				CLANG_ANALYZER_NONNULL = YES;
				CLANG_ANALYZER_NUMBER_OBJECT_CONVERSION = YES_AGGRESSIVE;
				CLANG_CXX_LANGUAGE_STANDARD = "gnu++14";
				CLANG_CXX_LIBRARY = "libc++";
				CLANG_ENABLE_MODULES = YES;
				CLANG_ENABLE_OBJC_ARC = YES;
				CLANG_ENABLE_OBJC_WEAK = YES;
				CLANG_WARN_BLOCK_CAPTURE_AUTORELEASING = YES;
				CLANG_WARN_BOOL_CONVERSION = YES;
				CLANG_WARN_COMMA = YES;
				CLANG_WARN_CONSTANT_CONVERSION = YES;
				CLANG_WARN_DEPRECATED_OBJC_IMPLEMENTATIONS = YES;
				CLANG_WARN_DIRECT_OBJC_ISA_USAGE = YES_ERROR;
				CLANG_WARN_DOCUMENTATION_COMMENTS = YES;
				CLANG_WARN_EMPTY_BODY = YES;
				CLANG_WARN_ENUM_CONVERSION = YES;
				CLANG_WARN_INFINITE_RECURSION = YES;
				CLANG_WARN_INT_CONVERSION = YES;
				CLANG_WARN_NON_LITERAL_NULL_CONVERSION = YES;
				CLANG_WARN_OBJC_IMPLICIT_RETAIN_SELF = YES;
				CLANG_WARN_OBJC_LITERAL_CONVERSION = YES;
				CLANG_WARN_OBJC_ROOT_CLASS = YES_ERROR;
				CLANG_WARN_QUOTED_INCLUDE_IN_FRAMEWORK_HEADER = YES;
				CLANG_WARN_RANGE_LOOP_ANALYSIS = YES;
				CLANG_WARN_STRICT_PROTOTYPES = YES;
				CLANG_WARN_SUSPICIOUS_MOVE = YES;
				CLANG_WARN_UNGUARDED_AVAILABILITY = YES_AGGRESSIVE;
				CLANG_WARN_UNREACHABLE_CODE = YES;
				CLANG_WARN__DUPLICATE_METHOD_MATCH = YES;
				COPY_PHASE_STRIP = NO;
				DEBUG_INFORMATION_FORMAT = "dwarf-with-dsym";
				ENABLE_NS_ASSERTIONS = NO;
				ENABLE_STRICT_OBJC_MSGSEND = YES;
				GCC_C_LANGUAGE_STANDARD = gnu11;
				GCC_NO_COMMON_BLOCKS = YES;
				GCC_WARN_64_TO_32_BIT_CONVERSION = YES;
				GCC_WARN_ABOUT_RETURN_TYPE = YES_ERROR;
				GCC_WARN_UNDECLARED_SELECTOR = YES;
				GCC_WARN_UNINITIALIZED_AUTOS = YES_AGGRESSIVE;
				GCC_WARN_UNUSED_FUNCTION = YES;
				GCC_WARN_UNUSED_VARIABLE = YES;
				IPHONEOS_DEPLOYMENT_TARGET = 15.0;
				MTL_ENABLE_DEBUG_INFO = NO;
				MTL_FAST_MATH = YES;
				SDKROOT = iphoneos;
				SWIFT_COMPILATION_MODE = wholemodule;
				SWIFT_OPTIMIZATION_LEVEL = "-O";
				VALIDATE_PRODUCT = YES;
			};
			name = Release;
		};
		393C629F263F023D00EBE6B4 /* Debug */ = {
			isa = XCBuildConfiguration;
			buildSettings = {
				ASSETCATALOG_COMPILER_APPICON_NAME = AppIcon;
				ASSETCATALOG_COMPILER_GLOBAL_ACCENT_COLOR_NAME = AccentColor;
				CODE_SIGN_STYLE = Automatic;
				DEVELOPMENT_ASSET_PATHS = "\"PocketDex/Resources/Preview Content\"";
				DEVELOPMENT_TEAM = E5AAHWL9DL;
				ENABLE_PREVIEWS = YES;
				INFOPLIST_FILE = PocketDex/Important/Info.plist;
				IPHONEOS_DEPLOYMENT_TARGET = 15.0;
				LD_RUNPATH_SEARCH_PATHS = (
					"$(inherited)",
					"@executable_path/Frameworks",
				);
				PRODUCT_BUNDLE_IDENTIFIER = com.awesomesauce.PocketDex;
				PRODUCT_NAME = "$(TARGET_NAME)";
				SWIFT_VERSION = 5.0;
				TARGETED_DEVICE_FAMILY = "1,2";
			};
			name = Debug;
		};
		393C62A0263F023D00EBE6B4 /* Release */ = {
			isa = XCBuildConfiguration;
			buildSettings = {
				ASSETCATALOG_COMPILER_APPICON_NAME = AppIcon;
				ASSETCATALOG_COMPILER_GLOBAL_ACCENT_COLOR_NAME = AccentColor;
				CODE_SIGN_STYLE = Automatic;
				DEVELOPMENT_ASSET_PATHS = "\"PocketDex/Resources/Preview Content\"";
				DEVELOPMENT_TEAM = E5AAHWL9DL;
				ENABLE_PREVIEWS = YES;
				INFOPLIST_FILE = PocketDex/Important/Info.plist;
				IPHONEOS_DEPLOYMENT_TARGET = 15.0;
				LD_RUNPATH_SEARCH_PATHS = (
					"$(inherited)",
					"@executable_path/Frameworks",
				);
				PRODUCT_BUNDLE_IDENTIFIER = com.awesomesauce.PocketDex;
				PRODUCT_NAME = "$(TARGET_NAME)";
				SWIFT_VERSION = 5.0;
				TARGETED_DEVICE_FAMILY = "1,2";
			};
			name = Release;
		};
		393C62A2263F023D00EBE6B4 /* Debug */ = {
			isa = XCBuildConfiguration;
			buildSettings = {
				ALWAYS_EMBED_SWIFT_STANDARD_LIBRARIES = YES;
				BUNDLE_LOADER = "$(TEST_HOST)";
				CODE_SIGN_STYLE = Automatic;
				DEVELOPMENT_TEAM = E5AAHWL9DL;
				INFOPLIST_FILE = PocketDexTests/Info.plist;
				IPHONEOS_DEPLOYMENT_TARGET = 15.0;
				LD_RUNPATH_SEARCH_PATHS = (
					"$(inherited)",
					"@executable_path/Frameworks",
					"@loader_path/Frameworks",
				);
				PRODUCT_BUNDLE_IDENTIFIER = com.awesomesauce.PocketDexTests;
				PRODUCT_NAME = "$(TARGET_NAME)";
				SWIFT_VERSION = 5.0;
				TARGETED_DEVICE_FAMILY = "1,2";
				TEST_HOST = "$(BUILT_PRODUCTS_DIR)/PocketDex.app/PocketDex";
			};
			name = Debug;
		};
		393C62A3263F023D00EBE6B4 /* Release */ = {
			isa = XCBuildConfiguration;
			buildSettings = {
				ALWAYS_EMBED_SWIFT_STANDARD_LIBRARIES = YES;
				BUNDLE_LOADER = "$(TEST_HOST)";
				CODE_SIGN_STYLE = Automatic;
				DEVELOPMENT_TEAM = E5AAHWL9DL;
				INFOPLIST_FILE = PocketDexTests/Info.plist;
				IPHONEOS_DEPLOYMENT_TARGET = 15.0;
				LD_RUNPATH_SEARCH_PATHS = (
					"$(inherited)",
					"@executable_path/Frameworks",
					"@loader_path/Frameworks",
				);
				PRODUCT_BUNDLE_IDENTIFIER = com.awesomesauce.PocketDexTests;
				PRODUCT_NAME = "$(TARGET_NAME)";
				SWIFT_VERSION = 5.0;
				TARGETED_DEVICE_FAMILY = "1,2";
				TEST_HOST = "$(BUILT_PRODUCTS_DIR)/PocketDex.app/PocketDex";
			};
			name = Release;
		};
		393C62A5263F023D00EBE6B4 /* Debug */ = {
			isa = XCBuildConfiguration;
			buildSettings = {
				ALWAYS_EMBED_SWIFT_STANDARD_LIBRARIES = YES;
				CODE_SIGN_STYLE = Automatic;
				DEVELOPMENT_TEAM = E5AAHWL9DL;
				INFOPLIST_FILE = PocketDexUITests/Info.plist;
				LD_RUNPATH_SEARCH_PATHS = (
					"$(inherited)",
					"@executable_path/Frameworks",
					"@loader_path/Frameworks",
				);
				PRODUCT_BUNDLE_IDENTIFIER = com.awesomesauce.PocketDexUITests;
				PRODUCT_NAME = "$(TARGET_NAME)";
				SWIFT_VERSION = 5.0;
				TARGETED_DEVICE_FAMILY = "1,2";
				TEST_TARGET_NAME = PocketDex;
			};
			name = Debug;
		};
		393C62A6263F023D00EBE6B4 /* Release */ = {
			isa = XCBuildConfiguration;
			buildSettings = {
				ALWAYS_EMBED_SWIFT_STANDARD_LIBRARIES = YES;
				CODE_SIGN_STYLE = Automatic;
				DEVELOPMENT_TEAM = E5AAHWL9DL;
				INFOPLIST_FILE = PocketDexUITests/Info.plist;
				LD_RUNPATH_SEARCH_PATHS = (
					"$(inherited)",
					"@executable_path/Frameworks",
					"@loader_path/Frameworks",
				);
				PRODUCT_BUNDLE_IDENTIFIER = com.awesomesauce.PocketDexUITests;
				PRODUCT_NAME = "$(TARGET_NAME)";
				SWIFT_VERSION = 5.0;
				TARGETED_DEVICE_FAMILY = "1,2";
				TEST_TARGET_NAME = PocketDex;
			};
			name = Release;
		};
/* End XCBuildConfiguration section */

/* Begin XCConfigurationList section */
		393C6274263F023A00EBE6B4 /* Build configuration list for PBXProject "PocketDex" */ = {
			isa = XCConfigurationList;
			buildConfigurations = (
				393C629C263F023D00EBE6B4 /* Debug */,
				393C629D263F023D00EBE6B4 /* Release */,
			);
			defaultConfigurationIsVisible = 0;
			defaultConfigurationName = Release;
		};
		393C629E263F023D00EBE6B4 /* Build configuration list for PBXNativeTarget "PocketDex" */ = {
			isa = XCConfigurationList;
			buildConfigurations = (
				393C629F263F023D00EBE6B4 /* Debug */,
				393C62A0263F023D00EBE6B4 /* Release */,
			);
			defaultConfigurationIsVisible = 0;
			defaultConfigurationName = Release;
		};
		393C62A1263F023D00EBE6B4 /* Build configuration list for PBXNativeTarget "PocketDexTests" */ = {
			isa = XCConfigurationList;
			buildConfigurations = (
				393C62A2263F023D00EBE6B4 /* Debug */,
				393C62A3263F023D00EBE6B4 /* Release */,
			);
			defaultConfigurationIsVisible = 0;
			defaultConfigurationName = Release;
		};
		393C62A4263F023D00EBE6B4 /* Build configuration list for PBXNativeTarget "PocketDexUITests" */ = {
			isa = XCConfigurationList;
			buildConfigurations = (
				393C62A5263F023D00EBE6B4 /* Debug */,
				393C62A6263F023D00EBE6B4 /* Release */,
			);
			defaultConfigurationIsVisible = 0;
			defaultConfigurationName = Release;
		};
/* End XCConfigurationList section */

/* Begin XCRemoteSwiftPackageReference section */
		393C62A7263F030100EBE6B4 /* XCRemoteSwiftPackageReference "PokeSwift" */ = {
			isa = XCRemoteSwiftPackageReference;
			repositoryURL = "git@github.com:jbossjaslow/PokeSwift.git";
			requirement = {
				branch = main;
				kind = branch;
			};
		};
		39A56A862725E3E100A65138 /* XCRemoteSwiftPackageReference "swift-collections" */ = {
			isa = XCRemoteSwiftPackageReference;
			repositoryURL = "https://github.com/apple/swift-collections.git";
			requirement = {
				kind = upToNextMajorVersion;
				minimumVersion = 0.0.3;
			};
		};
/* End XCRemoteSwiftPackageReference section */

/* Begin XCSwiftPackageProductDependency section */
		393C62A8263F030100EBE6B4 /* PokeSwift */ = {
			isa = XCSwiftPackageProductDependency;
			package = 393C62A7263F030100EBE6B4 /* XCRemoteSwiftPackageReference "PokeSwift" */;
			productName = PokeSwift;
		};
		39A56A872725E3E100A65138 /* Collections */ = {
			isa = XCSwiftPackageProductDependency;
			package = 39A56A862725E3E100A65138 /* XCRemoteSwiftPackageReference "swift-collections" */;
			productName = Collections;
		};
/* End XCSwiftPackageProductDependency section */
	};
	rootObject = 393C6271263F023A00EBE6B4 /* Project object */;
}
