{
  "object": {
    "pins": [
      {
        "package": "PokeSwift",
        "repositoryURL": "git@github.com:jbossjaslow/PokeSwift.git",
        "state": {
          "branch": "main",
          "revision": "58cd2b31c2d778a6438bfa12fed3887aff8780fa",
          "version": null
        }
      }
    ]
  },
  "version": 1
}
