{
  "object": {
    "pins": [
      {
        "package": "PokeSwift",
        "repositoryURL": "git@github.com:jbossjaslow/PokeSwift.git",
        "state": {
          "branch": "main",
          "revision": "fbebce69d49c043ca0347fa695b51715ae7b51a3",
          "version": null
        }
      }
    ]
  },
  "version": 1
}
