{
  "object": {
    "pins": [
      {
        "package": "PokeSwift",
        "repositoryURL": "git@github.com:jbossjaslow/PokeSwift.git",
        "state": {
          "branch": "feature/SwiftUI-3-conversion",
          "revision": "391520b291ce89ceaf06527ed97075c33ce5b057",
          "version": null
        }
      }
    ]
  },
  "version": 1
}
